{
    "_readme": [
        "This file locks the dependencies of your project to a known state",
        "Read more about it at https://getcomposer.org/doc/01-basic-usage.md#composer-lock-the-lock-file",
        "This file is @generated automatically"
    ],
    "hash": "e724650e8e6eeb46ce1adab0dd34b374",
    "content-hash": "18d27d180c937e1a7fb0907ec9011a17",
    "packages": [
        {
            "name": "shulha/framework",
            "version": "dev-dev",
            "dist": {
                "type": "path",
                "url": "/home/dym/projects/frame/framework/",
                "reference": "5b48de6793da903d86f622ef53649c6a06c68b30",
                "shasum": null
            },
            "type": "library",
            "autoload": {
                "psr-4": {
                    "Shulha\\Framework\\": "src/"
                }
            },
            "license": [
                "MIT"
            ],
            "authors": [
                {
                    "name": "shulha",
                    "email": "shulhad@gmail.com"
                }
            ],
            "description": "Sample FW"
        }
    ],
    "packages-dev": [],
    "aliases": [],
    "minimum-stability": "dev",
    "stability-flags": {
        "shulha/framework": 20
    },
    "prefer-stable": false,
    "prefer-lowest": false,
    "platform": [],
    "platform-dev": []
}
